
Microsoft Visual Studio Solution File, Format Version 12.00
# Visual Studio Version 17
VisualStudioVersion = 17.1.32414.318
MinimumVisualStudioVersion = 10.0.40219.1
Project("{9A19103F-16F7-4668-BE54-9A1E7A4F7556}") = "SphinxlyLiaTest", "SphinxlyLiaTest\SphinxlyLiaTest.csproj", "{47079467-A4E1-4562-8692-D77134054073}"
EndProject
Global
	GlobalSection(SolutionConfigurationPlatforms) = preSolution
		Debug|Any CPU = Debug|Any CPU
		Release|Any CPU = Release|Any CPU
	EndGlobalSection
	GlobalSection(ProjectConfigurationPlatforms) = postSolution
		{47079467-A4E1-4562-8692-D77134054073}.Debug|Any CPU.ActiveCfg = Debug|Any CPU
		{47079467-A4E1-4562-8692-D77134054073}.Debug|Any CPU.Build.0 = Debug|Any CPU
		{47079467-A4E1-4562-8692-D77134054073}.Release|Any CPU.ActiveCfg = Release|Any CPU
		{47079467-A4E1-4562-8692-D77134054073}.Release|Any CPU.Build.0 = Release|Any CPU
	EndGlobalSection
	GlobalSection(SolutionProperties) = preSolution
		HideSolutionNode = FALSE
	EndGlobalSection
	GlobalSection(ExtensibilityGlobals) = postSolution
		SolutionGuid = {25A9186B-202A-4CC3-B0F6-2860F6B9F65F}
	EndGlobalSection
EndGlobal
